// !$*UTF8*$!
{
	archiveVersion = 1;
	classes = {
	};
	objectVersion = 46;
	objects = {

/* Begin PBXBuildFile section */
		0b2e55fee13134ce9b57d3bffd6d5dab /* ofxCvShortImage.cpp in Sources */ = {isa = PBXBuildFile; fileRef = 8a4dd23693dfab8ec05faa5d62c49d8c /* ofxCvShortImage.cpp */; };
		134078e8f8f4f24368b31f26166fec03 /* ofxCvGrayscaleImage.cpp in Sources */ = {isa = PBXBuildFile; fileRef = 057122a817d12571f8c0c7a4d522b879 /* ofxCvGrayscaleImage.cpp */; };
		259da76c028adaa20996723e102a6ccd /* ofxCvColorImage.cpp in Sources */ = {isa = PBXBuildFile; fileRef = ce9c7160245b19131dae61282ee6cb53 /* ofxCvColorImage.cpp */; };
		5D563D4A14B328C800DBA0F6 /* cv_yuv_codebook.cpp in Sources */ = {isa = PBXBuildFile; fileRef = 5D563D4214B328C800DBA0F6 /* cv_yuv_codebook.cpp */; };
		5D563D4B14B328C800DBA0F6 /* ofxBackground.cpp in Sources */ = {isa = PBXBuildFile; fileRef = 5D563D4414B328C800DBA0F6 /* ofxBackground.cpp */; };
		5D563D4C14B328C800DBA0F6 /* ofxBackgroundCvColorImage.cpp in Sources 