// !$*UTF8*$!
{
	archiveVersion = 1;
	classes = {
	};
	objectVersion = 46;
	objects = {

/* Begin PBXBuildFile section */
		0b2e55fee13134ce9b57d3bffd6d5dab /* ofxCvShortImage.cpp in Sources */ = {isa = PBXBuildFile; fileRef = 8a4dd23693dfab8ec05faa5d62c49d8c /* ofxCvShortImage.cpp */; };
		134078e8f8f4f24368b31f26166fec03 /* ofxCvGrayscaleImage.cpp in Sources */ = {isa = PBXBuildFile; fileRef = 057122a817d12571f8c0c7a4d522b879 /* ofxCvGrayscaleImage.cpp */; };
		259da76c028adaa20996723e102a6ccd /* ofxCvColorImage.cpp in Sources */ = {isa = PBXBuildFile; fileRef = ce9c7160245b19131dae61282ee6cb53 /* ofxCvColorImage.cpp */; };
		5D563D4A14B328C800DBA0F6 /* cv_yuv_codebook.cpp in Sources */ = {isa = PBXBuildFile; fileRef = 5D563D4214B328C800DBA0F6 /* cv_yuv_codebook.cpp */; };
		5D563D4B14B328C800DBA0F6 /* ofxBackground.cpp in Sources */ = {isa = PBXBuildFile; fileRef = 5D563D4414B328C800DBA0F6 /* ofxBackground.cpp */; };
		5D563D4C14B328C800DBA0F6 /* ofxBackgroundCvColorImage.cpp in Sources */ = {isa = PBXBuildFile; fileRef = 5D563D4614B328C800DBA0F6 /* ofxBackgroundCvColorImage.cpp */; };
		7829c785a0dd56718cb46bcc3b066ff1 /* ofxCvHaarFinder.cpp in Sources */ = {isa = PBXBuildFile; fileRef = 9a16cbf2e8cfe43af54fe6f55efbf8a4 /* ofxCvHaarFinder.cpp */; };
		BBAB23CB13894F3D00AA2426 /* GLUT.framework in CopyFiles */ = {isa = PBXBuildFile; fileRef = BBAB23BE13894E4700AA2426 /* GLUT.framework */; };
		E4328149138ABC9F0047C5CB /* openFrameworksDebug.a in Frameworks */ = {isa = PBXBuildFile; fileRef = E4328148138ABC890047C5CB /* openFrameworksDebug.a */; };
		E45BE97B0E8CC7DD009D7055 /* AGL.framework in Frameworks */ = {isa = PBXBuildFile; fileRef = E45BE9710E8CC7DD009D7055 /* AGL.framework */; };
		E45BE97C0E8CC7DD009D7055 /* ApplicationServices.framework in Frameworks */ = {isa = PBXBuildFile; fileRef = E45BE9720E8CC7DD009D7055 /* ApplicationServices.framework */; };
		E45BE97D0E8CC7DD009D7055 /* AudioToolbox.framework in Frameworks */ = {isa = PBXBuildFile; fileRef = E45BE9730E8CC7DD009D7055 /* AudioToolbox.framework */; };
		E45BE97E0E8CC7DD009D7055 /* Carbon.framework in Frameworks */ = {isa = PBXBuildFile; fileRef = E45BE9740E8CC7DD009D7055 /* Carbon.framework */; };
		E45BE97F0E8CC7DD009D7055 /* CoreAudio.framework in Frameworks */ = {isa = PBXBuildFile; fileRef = E45BE9750E8CC7DD009D7055 /* CoreAudio.framework */; };
		E45BE9800E8CC7DD009D7055 /* CoreFoundation.framework in Frameworks */ = {isa = PBXBuildFile; fileRef = E45BE9760E8CC7DD009D7055 /* CoreFoundation.framework */; };
		E45BE9810E8CC7DD009D7055 /* CoreServices.framework in Frameworks */ = {isa = PBXBuildFile; fileRef = E45BE9770E8CC7DD009D7055 /* CoreServices.framework */; };
		E45BE9830E8CC7DD009D7055 /* OpenGL.framework in Frameworks */ = {isa = PBXBuildFile; fileRef = E45BE9790E8CC7DD009D7055 /* OpenGL.framework */; };
		E45BE9840E8CC7DD009D7055 /* QuickTime.framework in Frameworks */ = {isa = PBXBuildFile; fileRef = E45BE97A0E8CC7DD009D7055 /* QuickTime.framework */; };
		E4B69E200A3A1BDC003C02F2 /* main.cpp in Sources */ = {isa = PBXBuildFile; fileRef = E4B69E1D0A3A1BDC003C02F2 /* main.cpp */; };
		E4B69E210A3A1BDC003C02F2 /* testApp.cpp in Sources */ = {isa = PBXBuildFile; fileRef = E4B69E1E0A3A1BDC003C02F2 /* testApp.cpp */; };
		E4C2424710CC5A17004149E2 /* AppKit.framework in Frameworks */ = {isa = PBXBuildFile; fileRef = E4C2424410CC5A17004149E2 /* AppKit.framework */; };
		E4C2424810CC5A17004149E2 /* Cocoa.framework in Frameworks */ = {isa = PBXBuildFile; fileRef = E4C2424510CC5A17004149E2 /* Cocoa.framework */; };
		E4C2424910CC5A17004149E2 /* IOKit.framework in Frameworks */ = {isa = PBXBuildFile; fileRef = E4C2424610CC5A17004149E2 /* IOKit.framework */; };
		E4EB6799138ADC1D00A09F29 /* GLUT.framework in Frameworks */ = {isa = PBXBuildFile; fileRef = BBAB23BE13894E4700AA2426 /* GLUT.framework */; };
		ac59cecc06d479990bb40dc4b6e8d708 /* ofxCvFloatImage.cpp in Sources */ = {isa = PBXBuildFile; fileRef = 7b6a03390302d5a2c9f0e4ab630ae8d6 /* ofxCvFloatImage.cpp */; };
		d88d764a83ef6141a37bfd8a797dc59d /* ofxCvContourFinder.cpp in Sources */ = {isa = PBXBuildFile; fileRef = c76de5c29bdbd2caa1dd0021a7376220 /* ofxCvContourFinder.cpp */; };
		dbf87635ae30aae223f0609e6ee16e2f /* ofxCvImage.cpp in Sources */ = {isa = PBXBuildFile; fileRef = c6151136d101f857dae12722e3c42f4a /* ofxCvImage.cpp */; };
/* End PBXBuildFile section */

/* Begin PBXContainerItemProxy section */
		E4328147138ABC890047C5CB /* PBXContainerItemProxy */ = {
			isa = PBXContainerItemProxy;
			containerPortal = E4328143138ABC890047C5CB /* openFrameworksLib.xcodeproj */;
			proxyType = 2;
			remoteGlobalIDString = E4B27C1510CBEB8E00536013;
			remoteInfo = openFrameworks;
		};
		E4EEB9AB138B136A00A80321 /* PBXContainerItemProxy */ = {
			isa = PBXContainerItemProxy;
			containerPortal = E4328143138ABC890047C5CB /* openFrameworksLib.xcodeproj */;
			proxyType = 1;
			remoteGlobalIDString = E4B27C1410CBEB8E00536013;
			remoteInfo = openFrameworks;
		};
/* End PBXContainerItemProxy section */

/* Begin PBXCopyFilesBuildPhase section */
		E4C2427710CC5ABF004149E2 /* CopyFiles */ = {
			isa = PBXCopyFilesBuildPhase;
			buildActionMask = 2147483647;
			dstPath = "";
			dstSubfolderSpec = 10;
			files = (
				BBAB23CB13894F3D00AA2426 /* GLUT.framework in CopyFiles */,
			);
			runOnlyForDeploymentPostprocessing = 0;
		};
/* End PBXCopyFilesBuildPhase section */

/* Begin PBXFileReference section */
		057122a817d12571f8c0c7a4d522b879 /* ofxCvGrayscaleImage.cpp */ = {isa = PBXFileReference; fileEncoding = 4; lastKnownFileType = sourcecode.cpp.cpp; name = ofxCvGrayscaleImage.cpp; path = ../../../addons/ofxOpenCv/src/ofxCvGrayscaleImage.cpp; sourceTree = SOURCE_ROOT; };
		3c232045833313b99efe0b14840b6108 /* ofxCvMain.h */ = {isa = PBXFileReference; fileEncoding = 4; lastKnownFileType = sourcecode.c.h; name = ofxCvMain.h; path = ../../../addons/ofxOpenCv/src/ofxCvMain.h; sourceTree = SOURCE_ROOT; };
		516717f84c0146512c47a3ec3f268851 /* ofxCvHaarFinder.h */ = {isa = PBXFileReference; fileEncoding = 4; lastKnownFileType = sourcecode.c.h; name = ofxCvHaarFinder.h; path = ../../../addons/ofxOpenCv/src/ofxCvHaarFinder.h; sourceTree = SOURCE_ROOT; };
		5D563D4214B328C800DBA0F6 /* cv_yuv_codebook.cpp */ = {isa = PBXFileReference; fileEncoding = 4; lastKnownFileType = sourcecode.cpp.cpp; path = cv_yuv_codebook.cpp; sourceTree = "<group>"; };
		5D563D4314B328C800DBA0F6 /* cv_yuv_codebook.h */ = {isa = PBXFileReference; fileEncoding = 4; lastKnownFileType = sourcecode.c.h; path = cv_yuv_codebook.h; sourceTree = "<group>"; };
		5D563D4414B328C800DBA0F6 /* ofxBackground.cpp */ = {isa = PBXFileReference; fileEncoding = 4; lastKnownFileType = sourcecode.cpp.cpp; path = ofxBackground.cpp; sourceTree = "<group>"; };
		5D563D4514B328C800DBA0F6 /* ofxBackground.h */ = {isa = PBXFileReference; fileEncoding = 4; lastKnownFileType = sourcecode.c.h; path = ofxBackground.h; sourceTree = "<group>"; };
		5D563D4614B328C800DBA0F6 /* ofxBackgroundCvColorImage.cpp */ = {isa = PBXFileReference; fileEncoding = 4; lastKnownFileType = sourcecode.cpp.cpp; path = ofxBackgroundCvColorImage.cpp; sourceTree = "<group>"; };
		5D563D4714B328C800DBA0F